{
  "version": 4,
  "terraform_version": "1.5.7",
  "serial": 155,
  "lineage": "f39421ec-fbd2-05dc-6ca4-be1225ffc398",
  "outputs": {
    "external_ip_addresses": {
      "value": [
        "158.160.198.221",
        "158.160.188.208"
      ],
      "type": [
        "tuple",
        [
          "string",
          "string"
        ]
      ]
    },
    "internal_ip_addresses": {
      "value": [
        "192.168.10.8",
        "192.168.10.29"
      ],
      "type": [
        "tuple",
        [
          "string",
          "string"
        ]
      ]
    }
  },
  "resources": [
    {
      "mode": "managed",
      "type": "yandex_compute_disk",
      "name": "boot-disk",
      "provider": "provider[\"registry.terraform.io/yandex-cloud/yandex\"]",
      "instances": [
        {
          "index_key": 0,
          "schema_version": 0,
          "attributes": {
            "allow_recreate": null,
            "block_size": 4096,
            "created_at": "2025-09-11T09:48:38Z",
            "description": "",
            "disk_placement_policy": [
              {
                "disk_placement_group_id": ""
              }
            ],
            "folder_id": "b1g892mptrib2hqv5te6",
            "hardware_generation": [
              {
                "generation2_features": [],
                "legacy_features": [
                  {
                    "pci_topology": "PCI_TOPOLOGY_V1"
                  }
                ]
              }
            ],
            "id": "fv44ot1gmqkg40muk91v",
            "image_id": "fd8e4gcflhhc7odvbuss",
            "kms_key_id": null,
            "labels": null,
            "name": "boot-disk-1",
            "product_ids": [
              "f2elpkcnvqv8t2deda6g"
            ],
            "size": 20,
            "snapshot_id": "",
            "status": "ready",
            "timeouts": null,
            "type": "network-hdd",
            "zone": "ru-central1-d"
          },
          "sensitive_attributes": [],
          "private": "eyJlMmJmYjczMC1lY2FhLTExZTYtOGY4OC0zNDM2M2JjN2M0YzAiOnsiY3JlYXRlIjozMDAwMDAwMDAwMDAsImRlbGV0ZSI6MzAwMDAwMDAwMDAwLCJ1cGRhdGUiOjMwMDAwMDAwMDAwMH19"
        },
        {
          "index_key": 1,
          "schema_version": 0,
          "attributes": {
            "allow_recreate": null,
            "block_size": 4096,
            "created_at": "2025-09-11T09:48:38Z",
            "description": "",
            "disk_placement_policy": [
              {
                "disk_placement_group_id": ""
              }
            ],
            "folder_id": "b1g892mptrib2hqv5te6",
            "hardware_generation": [
              {
                "generation2_features": [],
                "legacy_features": [
                  {
                    "pci_topology": "PCI_TOPOLOGY_V1"
                  }
                ]
              }
            ],
            "id": "fv46l85e79ioa91bdk15",
            "image_id": "fd8e4gcflhhc7odvbuss",
            "kms_key_id": null,
            "labels": null,
            "name": "boot-disk-2",
            "product_ids": [
              "f2elpkcnvqv8t2deda6g"
            ],
            "size": 20,
            "snapshot_id": "",
            "status": "ready",
            "timeouts": null,
            "type": "network-hdd",
            "zone": "ru-central1-d"
          },
          "sensitive_attributes": [],
          "private": "eyJlMmJmYjczMC1lY2FhLTExZTYtOGY4OC0zNDM2M2JjN2M0YzAiOnsiY3JlYXRlIjozMDAwMDAwMDAwMDAsImRlbGV0ZSI6MzAwMDAwMDAwMDAwLCJ1cGRhdGUiOjMwMDAwMDAwMDAwMH19"
        }
      ]
    },
    {
      "mode": "managed",
      "type": "yandex_compute_instance",
      "name": "vm",
      "provider": "provider[\"registry.terraform.io/yandex-cloud/yandex\"]",
      "instances": [
        {
          "index_key": 0,
          "schema_version": 1,
          "attributes": {
            "allow_recreate": null,
            "allow_stopping_for_update": true,
            "boot_disk": [
              {
                "auto_delete": true,
                "device_name": "fv44ot1gmqkg40muk91v",
                "disk_id": "fv44ot1gmqkg40muk91v",
                "initialize_params": [
                  {
                    "block_size": 4096,
                    "description": "",
                    "image_id": "fd8e4gcflhhc7odvbuss",
                    "kms_key_id": "",
                    "name": "boot-disk-1",
                    "size": 20,
                    "snapshot_id": "",
                    "type": "network-hdd"
                  }
                ],
                "mode": "READ_WRITE"
              }
            ],
            "created_at": "2025-09-11T09:48:50Z",
            "description": "",
            "filesystem": [],
            "folder_id": "b1g892mptrib2hqv5te6",
            "fqdn": "fv492pliook8aj3h8tsn.auto.internal",
            "gpu_cluster_id": "",
            "hardware_generation": [
              {
                "generation2_features": [],
                "legacy_features": [
                  {
                    "pci_topology": "PCI_TOPOLOGY_V1"
                  }
                ]
              }
            ],
            "hostname": "",
            "id": "fv492pliook8aj3h8tsn",
            "labels": null,
            "local_disk": [],
            "maintenance_grace_period": "",
            "maintenance_policy": null,
            "metadata": {
              "ssh-keys": "ubuntu:ecdsa-sha2-nistp256 AAAAE2VjZHNhLXNoYTItbmlzdHAyNTYAAAAIbmlzdHAyNTYAAABBBGaUbYmB8Jn2gfaEHQDqZej9Yn/3Rpfif1oDjJGvxyF+rnFJ9RXM5ofQTjVPgucd5KvoFoJMhsjww+OmMyA5QMw=",
              "user-data": "#cloud-config\ndatasource:\n Ec2:\n  strict_id: false\nssh_pwauth: no\nusers:\n- name: evgeniyfim\n  sudo: ALL=(ALL) NOPASSWD:ALL\n  shell: /bin/bash\n  ssh_authorized_keys:\n  - ecdsa-sha2-nistp256 AAAAE2VjZHNhLXNoYTItbmlzdHAyNTYAAAAIbmlzdHAyNTYAAABBBGaUbYmB8Jn2gfaEHQDqZej9Yn/3Rpfif1oDjJGvxyF+rnFJ9RXM5ofQTjVPgucd5KvoFoJMhsjww+OmMyA5QMw=\nwrite_files:\n  - path: \"/usr/local/etc/startup.sh\"\n    permissions: \"755\"\n    content: |\n      #!/bin/bash\n\n      apt-get update\n      apt-get install -y nginx\n      service nginx start\n      sed -i -- \"s/ nginx/ Yandex Cloud - ${HOSTNAME}/\" /var/www/html/index.nginx-debian.html\n    defer: true\nruncmd:\n  - [\"/usr/local/etc/startup.sh\"]"
            },
            "metadata_options": [
              {
                "aws_v1_http_endpoint": 1,
                "aws_v1_http_token": 2,
                "gce_http_endpoint": 1,
                "gce_http_token": 1
              }
            ],
            "name": "terraform1",
            "network_acceleration_type": "standard",
            "network_interface": [
              {
                "dns_record": [],
                "index": 0,
                "ip_address": "192.168.10.8",
                "ipv4": true,
                "ipv6": false,
                "ipv6_address": "",
                "ipv6_dns_record": [],
                "mac_address": "d0:0d:91:66:b2:c6",
                "nat": true,
                "nat_dns_record": [],
                "nat_ip_address": "158.160.198.221",
                "nat_ip_version": "IPV4",
                "security_group_ids": null,
                "subnet_id": "fl8f95b0749jkujcbbge"
              }
            ],
            "placement_policy": [
              {
                "host_affinity_rules": [],
                "placement_group_id": "",
                "placement_group_partition": 0
              }
            ],
            "platform_id": "standard-v2",
            "resources": [
              {
                "core_fraction": 100,
                "cores": 4,
                "gpus": 0,
                "memory": 4
              }
            ],
            "scheduling_policy": [
              {
                "preemptible": false
              }
            ],
            "secondary_disk": [],
            "service_account_id": "",
            "status": "running",
            "timeouts": null,
            "zone": "ru-central1-d"
          },
          "sensitive_attributes": [],
          "private": "eyJlMmJmYjczMC1lY2FhLTExZTYtOGY4OC0zNDM2M2JjN2M0YzAiOnsiY3JlYXRlIjozMDAwMDAwMDAwMDAsImRlbGV0ZSI6MzAwMDAwMDAwMDAwLCJ1cGRhdGUiOjMwMDAwMDAwMDAwMH0sInNjaGVtYV92ZXJzaW9uIjoiMSJ9",
          "dependencies": [
            "yandex_compute_disk.boot-disk",
            "yandex_vpc_network.network-1",
            "yandex_vpc_subnet.subnet-1"
          ]
        },
        {
          "index_key": 1,
          "schema_version": 1,
          "attributes": {
            "allow_recreate": null,
            "allow_stopping_for_update": true,
            "boot_disk": [
              {
                "auto_delete": true,
                "device_name": "fv46l85e79ioa91bdk15",
                "disk_id": "fv46l85e79ioa91bdk15",
                "initialize_params": [
                  {
                    "block_size": 4096,
                    "description": "",
                    "image_id": "fd8e4gcflhhc7odvbuss",
                    "kms_key_id": "",
                    "name": "boot-disk-2",
                    "size": 20,
                    "snapshot_id": "",
                    "type": "network-hdd"
                  }
                ],
                "mode": "READ_WRITE"
              }
            ],
            "created_at": "2025-09-11T09:48:50Z",
            "description": "",
            "filesystem": [],
            "folder_id": "b1g892mptrib2hqv5te6",
            "fqdn": "fv4q7ej2kgg4qen9qrng.auto.internal",
            "gpu_cluster_id": "",
            "hardware_generation": [
              {
                "generation2_features": [],
                "legacy_features": [
                  {
                    "pci_topology": "PCI_TOPOLOGY_V1"
                  }
                ]
              }
            ],
            "hostname": "",
            "id": "fv4q7ej2kgg4qen9qrng",
            "labels": null,
            "local_disk": [],
            "maintenance_grace_period": "",
            "maintenance_policy": null,
            "metadata": {
              "ssh-keys": "ubuntu:ecdsa-sha2-nistp256 AAAAE2VjZHNhLXNoYTItbmlzdHAyNTYAAAAIbmlzdHAyNTYAAABBBGaUbYmB8Jn2gfaEHQDqZej9Yn/3Rpfif1oDjJGvxyF+rnFJ9RXM5ofQTjVPgucd5KvoFoJMhsjww+OmMyA5QMw=",
              "user-data": "#cloud-config\ndatasource:\n Ec2:\n  strict_id: false\nssh_pwauth: no\nusers:\n- name: evgeniyfim\n  sudo: ALL=(ALL) NOPASSWD:ALL\n  shell: /bin/bash\n  ssh_authorized_keys:\n  - ecdsa-sha2-nistp256 AAAAE2VjZHNhLXNoYTItbmlzdHAyNTYAAAAIbmlzdHAyNTYAAABBBGaUbYmB8Jn2gfaEHQDqZej9Yn/3Rpfif1oDjJGvxyF+rnFJ9RXM5ofQTjVPgucd5KvoFoJMhsjww+OmMyA5QMw=\nwrite_files:\n  - path: \"/usr/local/etc/startup.sh\"\n    permissions: \"755\"\n    content: |\n      #!/bin/bash\n\n      apt-get update\n      apt-get install -y nginx\n      service nginx start\n      sed -i -- \"s/ nginx/ Yandex Cloud - ${HOSTNAME}/\" /var/www/html/index.nginx-debian.html\n    defer: true\nruncmd:\n  - [\"/usr/local/etc/startup.sh\"]"
            },
            "metadata_options": [
              {
                "aws_v1_http_endpoint": 1,
                "aws_v1_http_token": 2,
                "gce_http_endpoint": 1,
                "gce_http_token": 1
              }
            ],
            "name": "terraform2",
            "network_acceleration_type": "standard",
            "network_interface": [
              {
                "dns_record": [],
                "index": 0,
                "ip_address": "192.168.10.29",
                "ipv4": true,
                "ipv6": false,
                "ipv6_address": "",
                "ipv6_dns_record": [],
                "mac_address": "d0:0d:1a:3b:a6:2a",
                "nat": true,
                "nat_dns_record": [],
                "nat_ip_address": "158.160.188.208",
                "nat_ip_version": "IPV4",
                "security_group_ids": null,
                "subnet_id": "fl8f95b0749jkujcbbge"
              }
            ],
            "placement_policy": [
              {
                "host_affinity_rules": [],
                "placement_group_id": "",
                "placement_group_partition": 0
              }
            ],
            "platform_id": "standard-v2",
            "resources": [
              {
                "core_fraction": 100,
                "cores": 4,
                "gpus": 0,
                "memory": 4
              }
            ],
            "scheduling_policy": [
              {
                "preemptible": false
              }
            ],
            "secondary_disk": [],
            "service_account_id": "",
            "status": "running",
            "timeouts": null,
            "zone": "ru-central1-d"
          },
          "sensitive_attributes": [],
          "private": "eyJlMmJmYjczMC1lY2FhLTExZTYtOGY4OC0zNDM2M2JjN2M0YzAiOnsiY3JlYXRlIjozMDAwMDAwMDAwMDAsImRlbGV0ZSI6MzAwMDAwMDAwMDAwLCJ1cGRhdGUiOjMwMDAwMDAwMDAwMH0sInNjaGVtYV92ZXJzaW9uIjoiMSJ9",
          "dependencies": [
            "yandex_compute_disk.boot-disk",
            "yandex_vpc_network.network-1",
            "yandex_vpc_subnet.subnet-1"
          ]
        }
      ]
    },
    {
      "mode": "managed",
      "type": "yandex_vpc_network",
      "name": "network-1",
      "provider": "provider[\"registry.terraform.io/yandex-cloud/yandex\"]",
      "instances": [
        {
          "schema_version": 0,
          "attributes": {
            "created_at": "2025-09-11T09:48:37Z",
            "default_security_group_id": "enpunmrbf6f7rplentaq",
            "description": "",
            "folder_id": "b1g892mptrib2hqv5te6",
            "id": "enpvv46cr8k3ejg645ad",
            "labels": {},
            "name": "network1",
            "subnet_ids": [],
            "timeouts": null
          },
          "sensitive_attributes": [],
          "private": "eyJlMmJmYjczMC1lY2FhLTExZTYtOGY4OC0zNDM2M2JjN2M0YzAiOnsiY3JlYXRlIjo2MDAwMDAwMDAwMCwiZGVsZXRlIjo2MDAwMDAwMDAwMCwidXBkYXRlIjo2MDAwMDAwMDAwMH19"
        }
      ]
    },
    {
      "mode": "managed",
      "type": "yandex_vpc_subnet",
      "name": "subnet-1",
      "provider": "provider[\"registry.terraform.io/yandex-cloud/yandex\"]",
      "instances": [
        {
          "schema_version": 0,
          "attributes": {
            "created_at": "2025-09-11T09:48:41Z",
            "description": "",
            "dhcp_options": [],
            "folder_id": "b1g892mptrib2hqv5te6",
            "id": "fl8f95b0749jkujcbbge",
            "labels": {},
            "name": "subnet1",
            "network_id": "enpvv46cr8k3ejg645ad",
            "route_table_id": "",
            "timeouts": null,
            "v4_cidr_blocks": [
              "192.168.10.0/24"
            ],
            "v6_cidr_blocks": [],
            "zone": "ru-central1-d"
          },
          "sensitive_attributes": [],
          "private": "eyJlMmJmYjczMC1lY2FhLTExZTYtOGY4OC0zNDM2M2JjN2M0YzAiOnsiY3JlYXRlIjoxODAwMDAwMDAwMDAsImRlbGV0ZSI6MTgwMDAwMDAwMDAwLCJ1cGRhdGUiOjE4MDAwMDAwMDAwMH19",
          "dependencies": [
            "yandex_vpc_network.network-1"
          ]
        }
      ]
    }
  ],
  "check_results": null
}
