{
  "version": 4,
  "terraform_version": "1.5.7",
  "serial": 49,
  "lineage": "10b35593-dc09-5308-b62f-8265c0a26e44",
  "outputs": {
    "external_ip_addresses": {
      "value": [
        "158.160.177.45"
      ],
      "type": [
        "tuple",
        [
          "string"
        ]
      ]
    },
    "internal_ip_addresses": {
      "value": [
        "192.168.10.21"
      ],
      "type": [
        "tuple",
        [
          "string"
        ]
      ]
    }
  },
  "resources": [
    {
      "mode": "managed",
      "type": "yandex_compute_disk",
      "name": "boot-disk-mgmt",
      "provider": "provider[\"registry.terraform.io/yandex-cloud/yandex\"]",
      "instances": [
        {
          "index_key": 0,
          "schema_version": 0,
          "attributes": {
            "allow_recreate": null,
            "block_size": 4096,
            "created_at": "2025-09-11T08:25:57Z",
            "description": "",
            "disk_placement_policy": [
              {
                "disk_placement_group_id": ""
              }
            ],
            "folder_id": "b1g892mptrib2hqv5te6",
            "hardware_generation": [
              {
                "generation2_features": [],
                "legacy_features": [
                  {
                    "pci_topology": "PCI_TOPOLOGY_V1"
                  }
                ]
              }
            ],
            "id": "fv4j32n2pqejg41juhdp",
            "image_id": "fd8e4gcflhhc7odvbuss",
            "kms_key_id": null,
            "labels": null,
            "name": "boot-disk-mgmt-1",
            "product_ids": [
              "f2elpkcnvqv8t2deda6g"
            ],
            "size": 20,
            "snapshot_id": "",
            "status": "ready",
            "timeouts": null,
            "type": "network-hdd",
            "zone": "ru-central1-d"
          },
          "sensitive_attributes": [],
          "private": "eyJlMmJmYjczMC1lY2FhLTExZTYtOGY4OC0zNDM2M2JjN2M0YzAiOnsiY3JlYXRlIjozMDAwMDAwMDAwMDAsImRlbGV0ZSI6MzAwMDAwMDAwMDAwLCJ1cGRhdGUiOjMwMDAwMDAwMDAwMH19"
        }
      ]
    },
    {
      "mode": "managed",
      "type": "yandex_compute_instance",
      "name": "vm",
      "provider": "provider[\"registry.terraform.io/yandex-cloud/yandex\"]",
      "instances": [
        {
          "index_key": 0,
          "schema_version": 1,
          "attributes": {
            "allow_recreate": null,
            "allow_stopping_for_update": true,
            "boot_disk": [
              {
                "auto_delete": true,
                "device_name": "fv4j32n2pqejg41juhdp",
                "disk_id": "fv4j32n2pqejg41juhdp",
                "initialize_params": [
                  {
                    "block_size": 4096,
                    "description": "",
                    "image_id": "fd8e4gcflhhc7odvbuss",
                    "kms_key_id": "",
                    "name": "boot-disk-mgmt-1",
                    "size": 20,
                    "snapshot_id": "",
                    "type": "network-hdd"
                  }
                ],
                "mode": "READ_WRITE"
              }
            ],
            "created_at": "2025-09-11T08:26:03Z",
            "description": "",
            "filesystem": [],
            "folder_id": "b1g892mptrib2hqv5te6",
            "fqdn": "fv4pfd43brkd14okdsi6.auto.internal",
            "gpu_cluster_id": "",
            "hardware_generation": [
              {
                "generation2_features": [],
                "legacy_features": [
                  {
                    "pci_topology": "PCI_TOPOLOGY_V1"
                  }
                ]
              }
            ],
            "hostname": "",
            "id": "fv4pfd43brkd14okdsi6",
            "labels": null,
            "local_disk": [],
            "maintenance_grace_period": "",
            "maintenance_policy": null,
            "metadata": {
              "ssh-keys": "ubuntu:ecdsa-sha2-nistp256 AAAAE2VjZHNhLXNoYTItbmlzdHAyNTYAAAAIbmlzdHAyNTYAAABBBGaUbYmB8Jn2gfaEHQDqZej9Yn/3Rpfif1oDjJGvxyF+rnFJ9RXM5ofQTjVPgucd5KvoFoJMhsjww+OmMyA5QMw=",
              "user-data": "#cloud-config\ndatasource:\n Ec2:\n  strict_id: false\nssh_pwauth: no\nusers:\n- name: evgeniyfim\n  sudo: ALL=(ALL) NOPASSWD:ALL\n  shell: /bin/bash\n  ssh_authorized_keys:\n  - ecdsa-sha2-nistp256 AAAAE2VjZHNhLXNoYTItbmlzdHAyNTYAAAAIbmlzdHAyNTYAAABBBGaUbYmB8Jn2gfaEHQDqZej9Yn/3Rpfif1oDjJGvxyF+rnFJ9RXM5ofQTjVPgucd5KvoFoJMhsjww+OmMyA5QMw=\nwrite_files:\n  - path: \"/usr/local/etc/startup.sh\"\n    permissions: \"755\"\n    content: |\n      #!/bin/bash\n\n      apt-get update\n      apt-get install -y git ansible neofetch\n\n      echo $USER \u003e ~/user.txt\n      whoami \u003e ~/user.txt\n      mkdir /home/evgeniyfim/git\n      cd /home/evgeniyfim/git\n      git clone https://github.com/evgeniyfimushkin/infra-test.git\n      echo $USER \u003e user.txt\n      whoami \u003e\u003e user.txt\n      \n    defer: true\nruncmd:\n  - [\"/usr/local/etc/startup.sh\"]\n"
            },
            "metadata_options": [
              {
                "aws_v1_http_endpoint": 1,
                "aws_v1_http_token": 2,
                "gce_http_endpoint": 1,
                "gce_http_token": 1
              }
            ],
            "name": "terraform_mgmt_vm1",
            "network_acceleration_type": "standard",
            "network_interface": [
              {
                "dns_record": [],
                "index": 0,
                "ip_address": "192.168.10.21",
                "ipv4": true,
                "ipv6": false,
                "ipv6_address": "",
                "ipv6_dns_record": [],
                "mac_address": "d0:0d:19:7b:48:35",
                "nat": true,
                "nat_dns_record": [],
                "nat_ip_address": "158.160.177.45",
                "nat_ip_version": "IPV4",
                "security_group_ids": null,
                "subnet_id": "fl8ec69v56bamhlg0c8k"
              }
            ],
            "placement_policy": [
              {
                "host_affinity_rules": [],
                "placement_group_id": "",
                "placement_group_partition": 0
              }
            ],
            "platform_id": "standard-v2",
            "resources": [
              {
                "core_fraction": 100,
                "cores": 4,
                "gpus": 0,
                "memory": 4
              }
            ],
            "scheduling_policy": [
              {
                "preemptible": false
              }
            ],
            "secondary_disk": [],
            "service_account_id": "",
            "status": "running",
            "timeouts": null,
            "zone": "ru-central1-d"
          },
          "sensitive_attributes": [],
          "private": "eyJlMmJmYjczMC1lY2FhLTExZTYtOGY4OC0zNDM2M2JjN2M0YzAiOnsiY3JlYXRlIjozMDAwMDAwMDAwMDAsImRlbGV0ZSI6MzAwMDAwMDAwMDAwLCJ1cGRhdGUiOjMwMDAwMDAwMDAwMH0sInNjaGVtYV92ZXJzaW9uIjoiMSJ9",
          "dependencies": [
            "yandex_compute_disk.boot-disk-mgmt",
            "yandex_vpc_network.network-mgmt",
            "yandex_vpc_subnet.subnet-mgmt"
          ]
        }
      ]
    },
    {
      "mode": "managed",
      "type": "yandex_vpc_network",
      "name": "network-mgmt",
      "provider": "provider[\"registry.terraform.io/yandex-cloud/yandex\"]",
      "instances": [
        {
          "schema_version": 0,
          "attributes": {
            "created_at": "2025-09-11T08:25:57Z",
            "default_security_group_id": "enpful6ug086e5r45a2t",
            "description": "",
            "folder_id": "b1g892mptrib2hqv5te6",
            "id": "enp8u3h12cic57h6h374",
            "labels": {},
            "name": "network_mgmt",
            "subnet_ids": [],
            "timeouts": null
          },
          "sensitive_attributes": [],
          "private": "eyJlMmJmYjczMC1lY2FhLTExZTYtOGY4OC0zNDM2M2JjN2M0YzAiOnsiY3JlYXRlIjo2MDAwMDAwMDAwMCwiZGVsZXRlIjo2MDAwMDAwMDAwMCwidXBkYXRlIjo2MDAwMDAwMDAwMH19"
        }
      ]
    },
    {
      "mode": "managed",
      "type": "yandex_vpc_subnet",
      "name": "subnet-mgmt",
      "provider": "provider[\"registry.terraform.io/yandex-cloud/yandex\"]",
      "instances": [
        {
          "schema_version": 0,
          "attributes": {
            "created_at": "2025-09-11T08:26:00Z",
            "description": "",
            "dhcp_options": [],
            "folder_id": "b1g892mptrib2hqv5te6",
            "id": "fl8ec69v56bamhlg0c8k",
            "labels": {},
            "name": "subnet_mgmt",
            "network_id": "enp8u3h12cic57h6h374",
            "route_table_id": "",
            "timeouts": null,
            "v4_cidr_blocks": [
              "192.168.10.0/24"
            ],
            "v6_cidr_blocks": [],
            "zone": "ru-central1-d"
          },
          "sensitive_attributes": [],
          "private": "eyJlMmJmYjczMC1lY2FhLTExZTYtOGY4OC0zNDM2M2JjN2M0YzAiOnsiY3JlYXRlIjoxODAwMDAwMDAwMDAsImRlbGV0ZSI6MTgwMDAwMDAwMDAwLCJ1cGRhdGUiOjE4MDAwMDAwMDAwMH19",
          "dependencies": [
            "yandex_vpc_network.network-mgmt"
          ]
        }
      ]
    }
  ],
  "check_results": null
}
